// !$*UTF8*$!
{
	archiveVersion = 1;
	classes = {
	};
	objectVersion = 46;
	objects = {

/* Begin PBXBuildFile section */
		5C9CA4BFC796A8E17D387BAE /* FeatureCollectionNode.cpp in Sources */ = {isa = PBXBuildFile; fileRef = 237729339D5EF17DBD3754C6 /* FeatureCollectionNode.cpp */; };
		5CCFB2A36396A0511400C909 /* jsoncpp.cpp in Sources */ = {isa = PBXBuildFile; fileRef = 684C4A6525DAC1BF8D7DFEEF /* jsoncpp.cpp */; };
		63E4B28AF5F75CA2F87A0758 /* FeatureNode.cpp in Sources */ = {isa = PBXBuildFile; fileRef = DF47B7485B5CD5D2E2B93E7D /* FeatureNode.cpp */; };
		8F8887A353D20A912E989043 /* JsonLoader.cpp in Sources */ = {isa = PBXBuildFile; fileRef = 0056DDC2FB9237571507BB0E /* JsonLoader.cpp */; };
		90EFE1B897A797B81ED960B9 /* FeatureLeafNode.cpp in Sources */ = {isa = PBXBuildFile; fileRef = F386EF4AEFB25D1DFAE032B6 /* FeatureLeafNode.cpp */; };
		9455F3F777137963C1194F60 /* ofxJSONElement.cpp in Sources */ = {isa = PBXBuildFile; fileRef = 081473F8EA3EB8A9C41C0FBE /* ofxJSONElement.cpp */; };
		A85DD5FF1BC6718D008D89EB /* GuiApp.cpp in Sources */ = {isa = PBXBuildFile; fileRef = A85DD5FC1BC6718D008D89EB /* GuiApp.cpp */; };
		A85DD6171BC67198008D89EB /* ofxCsv.cpp in Sources */ = {isa = PBXBuildFile; fileRef = A85DD6001BC67198008D89EB /* ofxCsv.cpp */; };
		A85DD6181BC67198008D89EB /* ofxBaseGui.cpp in Sources */ = {isa = PBXBuildFile; fileRef = A85DD6041BC67198008D89EB /* ofxBaseGui.cpp */; };
		A85DD6191BC67198008D89EB /* ofxButton.cpp in Sources */ = {isa = PBXBuildFile; fileRef = A85DD6061BC67198008D89EB /* ofxButton.cpp */; };
		A85DD61A1BC67198008D89EB /* ofxGuiGroup.cpp in Sources */ = {isa = PBXBuildFile; fileRef = A85DD6091BC67198008D89EB /* ofxGuiGroup.cpp */; };
		A85DD61B1BC67198008D89EB /* ofxLabel.cpp in Sources */ = {isa = PBXBuildFile; fileRef = A85DD60B1BC67198008D89EB /* ofxLabel.cpp */; };
		A85DD61C1BC67198008D89EB /* ofxPanel.cpp in Sources */ = {isa = PBXBuildFile; fileRef = A85DD60D1BC67198008D89EB /* ofxPanel.cpp */; };
		A85DD61D1BC67198008D89EB /* ofxSlider.cpp in Sources */ = {isa = PBXBuildFile; fileRef = A85DD60F1BC67198008D89EB /* ofxSlider.cpp */; };
		A85DD61E1BC67198008D89EB /* ofxSliderGroup.cpp in Sources */ = {isa = PBXBuildFile; fileRef = A85DD6111BC67198008D89EB /* ofxSliderGroup.cpp */; };
		A85DD61F1BC67198008D89EB /* ofxToggle.cpp in Sources */ = {isa = PBXBuildFile; fileRef = A85DD6131BC67198008D89EB /* ofxToggle.cpp */; };
		A8ACEE8A1BFCAA310086A6DF /* fontstash.c in Sources */ = {isa = PBXBuildFile; fileRef = A8ACEE621BFCAA310086A6DF /* fontstash.c */; };
		A8ACEE8B1BFCAA310086A6DF /* stb_truetype.c in Sources */ = {isa = PBXBuildFile; fileRef = A8ACEE641BFCAA310086A6DF /* stb_truetype.c */; };
		A8ACEE8D1BFCAA310086A6DF /* ofxFontStash.cpp in Sources */ = {isa = PBXBuildFile; fileRef = A8ACEE691BFCAA310086A6DF /* ofxFontStash.cpp */; };
		A8ACEE8E1BFCAA310086A6DF /* ofTextConverter.cpp in Sources */ = {isa = PBXBuildFile; fileRef = A8ACEE811BFCAA310086A6DF /* ofTextConverter.cpp */; };
		A8ACEE8F1BFCAA310086A6DF /* ofUnicode.cpp in Sources */ = {isa = PBXBuildFile; fileRef = A8ACEE831BFCAA310086A6DF /* ofUnicode.cpp */; };
		A8ACEE901BFCAA310086A6DF /* ofUTF8.cpp in Sources */ = {isa = PBXBuildFile; fileRef = A8ACEE851BFCAA310086A6DF /* ofUTF8.cpp */; };
		A8D262A81BC806EC006750C1 /* ofxFirstPersonCamera.cpp in Sources */ = {isa = PBXBuildFile; fileRef = A8D262A01BC806EC006750C1 /* ofxFirstPersonCamera.cpp */; };
		A8D262A91BC806EC006750C1 /* ofxImmediateModeInput.cpp in Sources */ = {isa = PBXBuildFile; fileRef = A8D262A41BC806EC006750C1 /* ofxImmediateModeInput.cpp */; };
		A8EB87621BC673E2004650B8 /* BaseArch.cpp in Sources */ = {isa = PBXBuildFile; fileRef = A8EB87611BC673E2004650B8 /* BaseArch.cpp */; };
		E4328149138ABC9F0047C5CB /* openFrameworksDebug.a in Frameworks */ = {isa = PBXBuildFile; fileRef = E4328148138ABC890047C5CB /* openFrameworksDebug.a */; };
		E4B69E200A3A1BDC003C02F2 /* main.cpp in Sources */ = {isa = PBXBuildFile; fileRef = E4B69E1D0A3A1BDC003C02F2 /* main.cpp */; };
		E4B69E210A3A1BDC003C02F2 /* ofApp.cpp in Sources */ = {isa = PBXBuildFile; fileRef = E4B69E1E0A3A1BDC003C02F2 /* ofApp.cpp */; };
/* End PBXBuildFile section */

/* Begin PBXContainerItemProxy section */
		E4328147138ABC890047C5CB /* PBXContainerItemProxy */ = {
			isa = PBXContainerItemProxy;
			containerPortal = E4328143138ABC890047C5CB /* openFrameworksLib.xcodeproj */;
			proxyType = 2;
			remoteGlobalIDString = E4B27C1510CBEB8E00536013;
			remoteInfo = openFrameworks;
		};
		E4EEB9AB138B136A00A80321 /* PBXContainerItemProxy */ = {
			isa = PBXContainerItemProxy;
			containerPortal = E4328143138ABC890047C5CB /* openFrameworksLib.xcodeproj */;
			proxyType = 1;
			remoteGlobalIDString = E4B27C1410CBEB8E00536013;
			remoteInfo = openFrameworks;
		};
/* End PBXContainerItemProxy section */

/* Begin PBXCopyFilesBuildPhase section */
		E4C2427710CC5ABF004149E2 /* CopyFiles */ = {
			isa = PBXCopyFilesBuildPhase;
			buildActionMask = 2147483647;
			dstPath = "";
			dstSubfolderSpec = 10;
			files = (
			);
			runOnlyForDeploymentPostprocessing = 0;
		};
/* End PBXCopyFilesBuildPhase section */

/* Begin PBXFileReference section */
		0056DDC2FB9237571507BB0E /* JsonLoader.cpp */ = {isa = PBXFileReference; explicitFileType = sourcecode.cpp.objcpp.preprocessed; fileEncoding = 30; name = JsonLoader.cpp; path = src/JsonLoader.cpp; sourceTree = SOURCE_ROOT; };
		081473F8EA3EB8A9C41C0FBE /* ofxJSONElement.cpp */ = {isa = PBXFileReference; explicitFileType = sourcecode.cpp.cpp; fileEncoding = 30; name = ofxJSONElement.cpp; path = ../../../../openFrameworks/addons/ofxJSON/src/ofxJSONElement.cpp; sourceTree = SOURCE_ROOT; };
		0A11AF00667CE72348E900E3 /* ofxJSON.h */ = {isa = PBXFileReference; explicitFileType = sourcecode.c.h; fileEncoding = 30; name = ofxJSON.h; path = ../../../../openFrameworks/addons/ofxJSON/src/ofxJSON.h; sourceTree = SOURCE_ROOT; };
		237729339D5EF17DBD3754C6 /* FeatureCollectionNode.cpp */ = {isa = PBXFileReference; explicitFileType = sourcecode.cpp.objcpp.preprocessed; fileEncoding = 30; name = FeatureCollectionNode.cpp; path = src/FeatureCollectionNode.cpp; sourceTree = SOURCE_ROOT; };
		3FC89B5D651474EC6F01F201 /* JsonLoader.h */ = {isa = PBXFileReference; explicitFileType = sourcecode.cpp.objcpp.preprocessed; fileEncoding = 30; name = JsonLoader.h; path = src/JsonLoader.h; sourceTree = SOURCE_ROOT; };
		55DC968FAFA3B99AA9E1D758 /* FeatureLeafNode.h */ = {isa = PBXFileReference; explicitFileType = sourcecode.cpp.objcpp.preprocessed; fileEncoding = 30; name = FeatureLeafNode.h; path = src/FeatureLeafNode.h; sourceTree = SOURCE_ROOT; };
		684C4A6525DAC1BF8D7DFEEF /* jsoncpp.cpp */ = {isa = PBXFileReference; explicitFileType = sourcecode.cpp.cpp; fileEncoding = 30; name = jsoncpp.cpp; path = ../../../../openFrameworks/addons/ofxJSON/libs/jsoncpp/src/jsoncpp.cpp; sourceTree = SOURCE_ROOT; };
		816AD209BB96C6B23CCD47EF /* ofxJSONElement.h */ = {isa = PBXFileReference; explicitFileType = sourcecode.c.h; fileEncoding = 30; name = ofxJSONElement.h; path = ../../../../openFrameworks/addons/ofxJSON/src/ofxJSONElement.h; sourceTree = SOURCE_ROOT; };
		8C0C738EAA20D82EA41BE976 /* json.h */ = {isa = PBXFileReference; explicitFileType = sourcecode.c.h; fileEncoding = 30; name = json.h; path = ../../../../openFrameworks/addons/ofxJSON/libs/jsoncpp/include/json/json.h; sourceTree = SOURCE_ROOT; };
		A4ED34B32682515AE752ECDB /* FeatureNode.h */ = {isa = PBXFileReference; explicitFileType = sourcecode.cpp.objcpp.preprocessed; fileEncoding = 30; name = FeatureNode.h; path = src/FeatureNode.h; sourceTree = SOURCE_ROOT; };
		A85DD5FC1BC6718D008D89EB /* GuiApp.cpp */ = {isa = PBXFileReference; explicitFileType = sourcecode.cpp.objcpp.preprocessed; fileEncoding = 4; name = GuiApp.cpp; path = ../../bpii_Calibration/src/GuiApp.cpp; sourceTree = "<group>"; };
		A85DD5FD1BC6718D008D89EB /* GuiApp.h */ = {isa = PBXFileReference; explicitFileType = sourcecode.cpp.objcpp.preprocessed; fileEncoding = 4; name = GuiApp.h; path = ../../bpii_Calibration/src/GuiApp.h; sourceTree = "<group>"; };
		A85DD6001BC67198008D89EB /* ofxCsv.cpp */ = {isa = PBXFileReference; explicitFileType = sourcecode.cpp.cpp; fileEncoding = 4; name = ofxCsv.cpp; path = ../../../../openFrameworks/addons/ofxCsv/src/ofxCsv.cpp; sourceTree = "<group>"; };
		A85DD6011BC67198008D89EB /* ofxCsv.h */ = {isa = PBXFileReference; explicitFileType = sourcecode.c.h; fileEncoding = 4; name = ofxCsv.h; path = ../../../../openFrameworks/addons/ofxCsv/src/ofxCsv.h; sourceTree = "<group>"; };
		A85DD6041BC67198008D89EB /* ofxBaseGui.cpp */ = {isa = PBXFileReference; explicitFileType = sourcecode.cpp.cpp; fileEncoding = 4; name = ofxBaseGui.cpp; path = ../../../../openFrameworks/addons/ofxGui/src/ofxBaseGui.cpp; sourceTree = "<group>"; };
		A85DD6051BC67198008D89EB /* ofxBaseGui.h */ = {isa = PBXFileReference; explicitFileType = sourcecode.c.h; fileEncoding = 4; name = ofxBaseGui.h; path = ../../../../openFrameworks/addons/ofxGui/src/ofxBaseGui.h; sourceTree = "<group>"; };
		A85DD6061BC67198008D89EB /* ofxButton.cpp */ = {isa = PBXFileReference; explicitFileType = sourcecode.cpp.cpp; fileEncoding = 4; name = ofxButton.cpp; path = ../../../../openFrameworks/addons/ofxGui/src/ofxButton.cpp; sourceTree = "<group>"; };
		A85DD6071BC67198008D89EB /* ofxButton.h */ = {isa = PBXFileReference; explicitFileType = sourcecode.c.h; fileEncoding = 4; name = ofxButton.h; path = ../../../../openFrameworks/addons/ofxGui/src/ofxButton.h; sourceTree = "<group>"; };
		A85DD6081BC67198008D89EB /* ofxGui.h */ = {isa = PBXFileReference; explicitFileType = sourcecode.c.h; fileEncoding = 4; name = ofxGui.h; path = ../../../../openFrameworks/addons/ofxGui/src/ofxGui.h; sourceTree = "<group>"; };
		A85DD6091BC67198008D89EB /* ofxGuiGroup.cpp */ = {isa = PBXFileReference; explicitFileType = sourcecode.cpp.cpp; fileEncoding = 4; name = ofxGuiGroup.cpp; path = ../../../../openFrameworks/addons/ofxGui/src/ofxGuiGroup.cpp; sourceTree = "<group>"; };
		A85DD60A1BC67198008D89EB /* ofxGuiGroup.h */ = {isa = PBXFileReference; explicitFileType = sourcecode.c.h; fileEncoding = 4; name = ofxGuiGroup.h; path = ../../../../openFrameworks/addons/ofxGui/src/ofxGuiGroup.h; sourceTree = "<group>"; };
		A85DD60B1BC67198008D89EB /* ofxLabel.cpp */ = {isa = PBXFileReference; explicitFileType = sourcecode.cpp.cpp; fileEncoding = 4; name = ofxLabel.cpp; path = ../../../../openFrameworks/addons/ofxGui/src/ofxLabel.cpp; sourceTree = "<group>"; };
		A85DD60C1BC67198008D89EB /* ofxLabel.h */ = {isa = PBXFileReference; explicitFileType = sourcecode.c.h; fileEncoding = 4; name = ofxLabel.h; path = ../../../../openFrameworks/addons/ofxGui/src/ofxLabel.h; sourceTree = "<group>"; };
		A85DD60D1BC67198008D89EB /* ofxPanel.cpp */ = {isa = PBXFileReference; explicitFileType = sourcecode.cpp.cpp; fileEncoding = 4; name = ofxPanel.cpp; path = ../../../../openFrameworks/addons/ofxGui/src/ofxPanel.cpp; sourceTree = "<group>"; };
		A85DD60E1BC67198008D89EB /* ofxPanel.h */ = {isa = PBXFileReference; explicitFileType = sourcecode.c.h; fileEncoding = 4; name = ofxPanel.h; path = ../../../../openFrameworks/addons/ofxGui/src/ofxPanel.h; sourceTree = "<group>"; };
		A85DD60F1BC67198008D89EB /* ofxSlider.cpp */ = {isa = PBXFileReference; explicitFileType = sourcecode.cpp.cpp; fileEncoding = 4; name = ofxSlider.cpp; path = ../../../../openFrameworks/addons/ofxGui/src/ofxSlider.cpp; sourceTree = "<group>"; };
		A85DD6101BC67198008D89EB /* ofxSlider.h */ = {isa = PBXFileReference; explicitFileType = sourcecode.c.h; fileEncoding = 4; name = ofxSlider.h; path = ../../../../openFrameworks/addons/ofxGui/src/ofxSlider.h; sourceTree = "<group>"; };
		A85DD6111BC67198008D89EB /* ofxSliderGroup.cpp */ = {isa = PBXFileReference; explicitFileType = sourcecode.cpp.cpp; fileEncoding = 4; name = ofxSliderGroup.cpp; path = ../../../../openFrameworks/addons/ofxGui/src/ofxSliderGroup.cpp; sourceTree = "<group>"; };
		A85DD6121BC67198008D89EB /* ofxSliderGroup.h */ = {isa = PBXFileReference; explicitFileType = sourcecode.c.h; fileEncoding = 4; name = ofxSliderGroup.h; path = ../../../../openFrameworks/addons/ofxGui/src/ofxSliderGroup.h; sourceTree = "<group>"; };
		A85DD6131BC67198008D89EB /* ofxToggle.cpp */ = {isa = PBXFileReference; explicitFileType = sourcecode.cpp.cpp; fileEncoding = 4; name = ofxToggle.cpp; path = ../../../../openFrameworks/addons/ofxGui/src/ofxToggle.cpp; sourceTree = "<group>"; };
		A85DD6141BC67198008D89EB /* ofxToggle.h */ = {isa = PBXFileReference; explicitFileType = sourcecode.c.h; fileEncoding = 4; name = ofxToggle.h; path = ../../../../openFrameworks/addons/ofxGui/src/ofxToggle.h; sourceTree = "<group>"; };
		A8ACEE621BFCAA310086A6DF /* fontstash.c */ = {isa = PBXFileReference; fileEncoding = 4; lastKnownFileType = sourcecode.c.c; path = fontstash.c; sourceTree = "<group>"; };
		A8ACEE631BFCAA310086A6DF /* fontstash.h */ = {isa = PBXFileReference; fileEncoding = 4; lastKnownFileType = sourcecode.c.h; path = fontstash.h; sourceTree = "<group>"; };
		A8ACEE641BFCAA310086A6DF /* stb_truetype.c */ = {isa = PBXFileReference; fileEncoding = 4; lastKnownFileType = sourcecode.c.c; path = stb_truetype.c; sourceTree = "<group>"; };
		A8ACEE651BFCAA310086A6DF /* stb_truetype.h */ = {isa = PBXFileReference; fileEncoding = 4; lastKnownFileType = sourcecode.c.h; path = stb_truetype.h; sourceTree = "<group>"; };
		A8ACEE691BFCAA310086A6DF /* ofxFontStash.cpp */ = {isa = PBXFileReference; fileEncoding = 4; lastKnownFileType = sourcecode.cpp.cpp; path = ofxFontStash.cpp; sourceTree = "<group>"; };
		A8ACEE6A1BFCAA310086A6DF /* ofxFontStash.h */ = {isa = PBXFileReference; fileEncoding = 4; lastKnownFileType = sourcecode.c.h; path = ofxFontStash.h; sourceTree = "<group>"; };
		A8ACEE711BFCAA310086A6DF /* checked.h */ = {isa = PBXFileReference; fileEncoding = 4; lastKnownFileType = sourcecode.c.h; path = checked.h; sourceTree = "<group>"; };
		A8ACEE721BFCAA310086A6DF /* core.h */ = {isa = PBXFileReference; fileEncoding = 4; lastKnownFileType = sourcecode.c.h; path = core.h; sourceTree = "<group>"; };
		A8ACEE731BFCAA310086A6DF /* unchecked.h */ = {isa = PBXFileReference; fileEncoding = 4; lastKnownFileType = sourcecode.c.h; path = unchecked.h; sourceTree = "<group>"; };
		A8ACEE741BFCAA310086A6DF /* utf8.h */ = {isa = PBXFileReference; fileEncoding = 4; lastKnownFileType = sourcecode.c.h; path = utf8.h; sourceTree = "<group>"; };
		A8ACEE7C1BFCAA310086A6DF /* checked.h */ = {isa = PBXFileReference; fileEncoding = 4; lastKnownFileType = sourcecode.c.h; path = checked.h; sourceTree = "<group>"; };
		A8ACEE7D1BFCAA310086A6DF /* core.h */ = {isa = PBXFileReference; fileEncoding = 4; lastKnownFileType = sourcecode.c.h; path = core.h; sourceTree = "<group>"; };
		A8ACEE7E1BFCAA310086A6DF /* unchecked.h */ = {isa = PBXFileReference; fileEncoding = 4; lastKnownFileType = sourcecode.c.h; path = unchecked.h; sourceTree = "<group>"; };
		A8ACEE7F1BFCAA310086A6DF /* utf8.h */ = {isa = PBXFileReference; fileEncoding = 4; lastKnownFileType = sourcecode.c.h; path = utf8.h; sourceTree = "<group>"; };
		A8ACEE811BFCAA310086A6DF /* ofTextConverter.cpp */ = {isa = PBXFileReference; fileEncoding = 4; lastKnownFileType = sourcecode.cpp.cpp; path = ofTextConverter.cpp; sourceTree = "<group>"; };
		A8ACEE821BFCAA310086A6DF /* ofTextConverter.h */ = {isa = PBXFileReference; fileEncoding = 4; lastKnownFileType = sourcecode.c.h; path = ofTextConverter.h; sourceTree = "<group>"; };
		A8ACEE831BFCAA310086A6DF /* ofUnicode.cpp */ = {isa = PBXFileReference; fileEncoding = 4; lastKnownFileType = sourcecode.cpp.cpp; path = ofUnicode.cpp; sourceTree = "<group>"; };
		A8ACEE841BFCAA310086A6DF /* ofUnicode.h */ = {isa = PBXFileReference; fileEncoding = 4; lastKnownFileType = sourcecode.c.h; path = ofUnicode.h; sourceTree = "<group>"; };
		A8ACEE851BFCAA310086A6DF /* ofUTF8.cpp */ = {isa = PBXFileReference; fileEncoding = 4; lastKnownFileType = sourcecode.cpp.cpp; path = ofUTF8.cpp; sourceTree = "<group>"; };
		A8ACEE861BFCAA310086A6DF /* ofUTF8.h */ = {isa = PBXFileReference; fileEncoding = 4; lastKnownFileType = sourcecode.c.h; path = ofUTF8.h; sourceTree = "<group>"; };
		A8D262A01BC806EC006750C1 /* ofxFirstPersonCamera.cpp */ = {isa = PBXFileReference; explicitFileType = sourcecode.cpp.cpp; fileEncoding = 4; name = ofxFirstPersonCamera.cpp; path = ../../../../openFrameworks/addons/ofxFirstPersonCamera/src/ofxFirstPersonCamera.cpp; sourceTree = "<group>"; };
		A8D262A11BC806EC006750C1 /* ofxFirstPersonCamera.h */ = {isa = PBXFileReference; explicitFileType = sourcecode.c.h; fileEncoding = 4; name = ofxFirstPersonCamera.h; path = ../../../../openFrameworks/addons/ofxFirstPersonCamera/src/ofxFirstPersonCamera.h; sourceTree = "<group>"; };
		A8D262A41BC806EC006750C1 /* ofxImmediateModeInput.cpp */ = {isa = PBXFileReference; explicitFileType = sourcecode.cpp.cpp; fileEncoding = 4; name = ofxImmediateModeInput.cpp; path = ../../../../openFrameworks/addons/ofxImmediateModeInput/src/ofxImmediateModeInput.cpp; sourceTree = "<group>"; };
		A8D262A51BC806EC006750C1 /* ofxImmediateModeInput.h */ = {isa = PBXFileReference; explicitFileType = sourcecode.c.h; fileEncoding = 4; name = ofxImmediateModeInput.h; path = ../../../../openFrameworks/addons/ofxImmediateModeInput/src/ofxImmediateModeInput.h; sourceTree = "<group>"; };
		A8EB87601BC673E2004650B8 /* BaseArch.h */ = {isa = PBXFileReference; explicitFileType = sourcecode.cpp.objcpp.preprocessed; fileEncoding = 4; name = BaseArch.h; path = ../../bpii_Calibration/src/BaseArch.h; sourceTree = "<group>"; };
		A8EB87611BC673E2004650B8 /* BaseArch.cpp */ = {isa = PBXFileReference; explicitFileType = sourcecode.cpp.objcpp.preprocessed; fileEncoding = 4; name = BaseArch.cpp; path = ../../bpii_Calibration/src/BaseArch.cpp; sourceTree = "<group>"; };
		A94853AB33FE91A7200C1349 /* FeatureCollectionNode.h */ = {isa = PBXFileReference; explicitFileType = sourcecode.cpp.objcpp.preprocessed; fileEncoding = 30; name = FeatureCollectionNode.h; path = src/FeatureCollectionNode.h; sourceTree = SOURCE_ROOT; };
		BDC3EB0AEE46369A27A2E74A /* json-forwards.h */ = {isa = PBXFileReference; explicitFileType = sourcecode.c.h; fileEncoding = 30; name = "json-forwards.h"; path = "../../../../openFrameworks/addons/ofxJSON/libs/jsoncpp/include/json/json-forwards.h"; sourceTree = SOURCE_ROOT; };
		DF47B7485B5CD5D2E2B93E7D /* FeatureNode.cpp */ = {isa = PBXFileReference; explicitFileType = sourcecode.cpp.objcpp.preprocessed; fileEncoding = 30; name = FeatureNode.cpp; path = src/FeatureNode.cpp; sourceTree = SOURCE_ROOT; };
		E4328143138ABC890047C5CB /* openFrameworksLib.xcodeproj */ = {isa = PBXFileReference; lastKnownFileType = "wrapper.pb-project"; name = openFrameworksLib.xcodeproj; path = ../../../../openFrameworks/libs/openFrameworksCompiled/project/osx/openFrameworksLib.xcodeproj; sourceTree = SOURCE_ROOT; };
		E4B69B5B0A3A1756003C02F2 /* OSMJsonMapFlyingDebug.app */ = {isa = PBXFileReference; explicitFileType = wrapper.application; includeInIndex = 0; path = OSMJsonMapFlyingDebug.app; sourceTree = BUILT_PRODUCTS_DIR; };
		E4B69E1D0A3A1BDC003C02F2 /* main.cpp */ = {isa = PBXFileReference; explicitFileType = sourcecode.cpp.objcpp.preprocessed; fileEncoding = 30; name = main.cpp; path = src/main.cpp; sourceTree = SOURCE_ROOT; };
		E4B69E1E0A3A1BDC003C02F2 /* ofApp.cpp */ = {isa = PBXFileReference; explicitFileType = sourcecode.cpp.objcpp.preprocessed; fileEncoding = 30; name = ofApp.cpp; path = src/ofApp.cpp; sourceTree = SOURCE_ROOT; };
		E4B69E1F0A3A1BDC003C02F2 /* ofApp.h */ = {isa = PBXFileReference; explicitFileType = sourcecode.cpp.objcpp.preprocessed; fileEncoding = 30; name = ofApp.h; path = src/ofApp.h; sourceTree = SOURCE_ROOT; };
		E4B6FCAD0C3E899E008CF71C /* openFrameworks-Info.plist */ = {isa = PBXFileReference; fileEncoding = 30; lastKnownFileType = text.plist.xml; path = "openFrameworks-Info.plist"; sourceTree = "<group>"; };
		E4EB691F138AFCF100A09F29 /* CoreOF.xcconfig */ = {isa = PBXFileReference; fileEncoding = 4; lastKnownFileType = text.xcconfig; name = CoreOF.xcconfig; path = ../../../../openFrameworks/libs/openFrameworksCompiled/project/osx/CoreOF.xcconfig; sourceTree = SOURCE_ROOT; };
		E4EB6923138AFD0F00A09F29 /* Project.xcconfig */ = {isa = PBXFileReference; fileEncoding = 4; lastKnownFileType = text.xcconfig; path = Project.xcconfig; sourceTree = "<group>"; };
		F386EF4AEFB25D1DFAE032B6 /* FeatureLeafNode.cpp */ = {isa = PBXFileReference; explicitFileType = sourcecode.cpp.objcpp.preprocessed; fileEncoding = 30; name = FeatureLeafNode.cpp; path = src/FeatureLeafNode.cpp; sourceTree = SOURCE_ROOT; };
/* End PBXFileReference section */

/* Begin PBXFrameworksBuildPhase section */
		E4B69B590A3A1756003C02F2 /* Frameworks */ = {
			isa = PBXFrameworksBuildPhase;
			buildActionMask = 2147483647;
			files = (
				E4328149138ABC9F0047C5CB /* openFrameworksDebug.a in Frameworks */,
			);
			runOnlyForDeploymentPostprocessing = 0;
		};
/* End PBXFrameworksBuildPhase section */

/* Begin PBXGroup section */
		2865DAEF86B1907A704CA70B /* ofxJSON */ = {
			isa = PBXGroup;
			children = (
				292AF6148769654D0DF26018 /* src */,
				F40E80CB2D443CBA9581DD03 /* libs */,
			);
			name = ofxJSON;
			sourceTree = "<group>";
		};
		292AF6148769654D0DF26018 /* src */ = {
			isa = PBXGroup;
			children = (
				0A11AF00667CE72348E900E3 /* ofxJSON.h */,
				081473F8EA3EB8A9C41C0FBE /* ofxJSONElement.cpp */,
				816AD209BB96C6B23CCD47EF /* ofxJSONElement.h */,
			);
			name = src;
			sourceTree = "<group>";
		};
		58AD3BD71B781D9BC25763C8 /* json */ = {
			isa = PBXGroup;
			children = (
				BDC3EB0AEE46369A27A2E74A /* json-forwards.h */,
				8C0C738EAA20D82EA41BE976 /* json.h */,
			);
			name = json;
			sourceTree = "<group>";
		};
		6948EE371B920CB800B5AC1A /* local_addons */ = {
			isa = PBXGroup;
			children = (
			);
			name = local_addons;
			sourceTree = "<group>";
		};
		977A836DD2C489CCC5E330FF /* jsoncpp */ = {
			isa = PBXGroup;
			children = (
				D486FC87F063317BB47E9FAC /* include */,
				CCDC6F9CCF925CC402160B85 /* src */,
			);
			name = jsoncpp;
			sourceTree = "<group>";
		};
		A85DD6021BC67198008D89EB /* src */ = {
			isa = PBXGroup;
			children = (
				A85DD6001BC67198008D89EB /* ofxCsv.cpp */,
				A85DD6011BC67198008D89EB /* ofxCsv.h */,
			);
			name = src;
			sourceTree = "<group>";
		};
		A85DD6031BC67198008D89EB /* ofxCsv */ = {
			isa = PBXGroup;
			children = (
				A85DD6021BC67198008D89EB /* src */,
			);
			name = ofxCsv;
			path = ../bpii_Calibration;
			sourceTree = "<group>";
		};
		A85DD6151BC67198008D89EB /* src */ = {
			isa = PBXGroup;
			children = (
				A85DD6041BC67198008D89EB /* ofxBaseGui.cpp */,
				A85DD6051BC67198008D89EB /* ofxBaseGui.h */,
				A85DD6061BC67198008D89EB /* ofxButton.cpp */,
				A85DD6071BC67198008D89EB /* ofxButton.h */,
				A85DD6081BC67198008D89EB /* ofxGui.h */,
				A85DD6091BC67198008D89EB /* ofxGuiGroup.cpp */,
				A85DD60A1BC67198008D89EB /* ofxGuiGroup.h */,
				A85DD60B1BC67198008D89EB /* ofxLabel.cpp */,
				A85DD60C1BC67198008D89EB /* ofxLabel.h */,
				A85DD60D1BC67198008D89EB /* ofxPanel.cpp */,
				A85DD60E1BC67198008D89EB /* ofxPanel.h */,
				A85DD60F1BC67198008D89EB /* ofxSlider.cpp */,
				A85DD6101BC67198008D89EB /* ofxSlider.h */,
				A85DD6111BC67198008D89EB /* ofxSliderGroup.cpp */,
				A85DD6121BC67198008D89EB /* ofxSliderGroup.h */,
				A85DD6131BC67198008D89EB /* ofxToggle.cpp */,
				A85DD6141BC67198008D89EB /* ofxToggle.h */,
			);
			name = src;
			sourceTree = "<group>";
		};
		A85DD6161BC67198008D89EB /* ofxGui */ = {
			isa = PBXGroup;
			children = (
				A85DD6151BC67198008D89EB /* src */,
			);
			name = ofxGui;
			path = ../bpii_Calibration;
			sourceTree = "<group>";
		};
		A8ACEE481BFCAA300086A6DF /* ofxFontStash */ = {
			isa = PBXGroup;
			children = (
				A8ACEE5F1BFCAA310086A6DF /* libs */,
				A8ACEE681BFCAA310086A6DF /* src */,
			);
			name = ofxFontStash;
			path = ../../../../openFrameworks/addons/ofxFontStash;
			sourceTree = "<group>";
		};
		A8ACEE5F1BFCAA310086A6DF /* libs */ = {
			isa = PBXGroup;
			children = (
				A8ACEE601BFCAA310086A6DF /* fontstash */,
			);
			path = libs;
			sourceTree = "<group>";
		};
		A8ACEE601BFCAA310086A6DF /* fontstash */ = {
			isa = PBXGroup;
			children = (
				A8ACEE611BFCAA310086A6DF /* src */,
			);
			path = fontstash;
			sourceTree = "<group>";
		};
		A8ACEE611BFCAA310086A6DF /* src */ = {
			isa = PBXGroup;
			children = (
				A8ACEE621BFCAA310086A6DF /* fontstash.c */,
				A8ACEE631BFCAA310086A6DF /* fontstash.h */,
				A8ACEE641BFCAA310086A6DF /* stb_truetype.c */,
				A8ACEE651BFCAA310086A6DF /* stb_truetype.h */,
			);
			path = src;
			sourceTree = "<group>";
		};
		A8ACEE681BFCAA310086A6DF /* src */ = {
			isa = PBXGroup;
			children = (
				A8ACEE691BFCAA310086A6DF /* ofxFontStash.cpp */,
				A8ACEE6A1BFCAA310086A6DF /* ofxFontStash.h */,
			);
			path = src;
			sourceTree = "<group>";
		};
		A8ACEE6B1BFCAA310086A6DF /* ofxUnicode */ = {
			isa = PBXGroup;
			children = (
				A8ACEE6D1BFCAA310086A6DF /* libs */,
				A8ACEE801BFCAA310086A6DF /* src */,
			);
			name = ofxUnicode;
			path = ../../../../openFrameworks/addons/ofxUnicode;
			sourceTree = "<group>";
		};
		A8ACEE6D1BFCAA310086A6DF /* libs */ = {
			isa = PBXGroup;
			children = (
				A8ACEE6E1BFCAA310086A6DF /* utf8cpp */,
			);
			path = libs;
			sourceTree = "<group>";
		};
		A8ACEE6E1BFCAA310086A6DF /* utf8cpp */ = {
			isa = PBXGroup;
			children = (
				A8ACEE6F1BFCAA310086A6DF /* include */,
				A8ACEE751BFCAA310086A6DF /* src */,
			);
			path = utf8cpp;
			sourceTree = "<group>";
		};
		A8ACEE6F1BFCAA310086A6DF /* include */ = {
			isa = PBXGroup;
			children = (
				A8ACEE701BFCAA310086A6DF /* utf8 */,
				A8ACEE741BFCAA310086A6DF /* utf8.h */,
			);
			path = include;
			sourceTree = "<group>";
		};
		A8ACEE701BFCAA310086A6DF /* utf8 */ = {
			isa = PBXGroup;
			children = (
				A8ACEE711BFCAA310086A6DF /* checked.h */,
				A8ACEE721BFCAA310086A6DF /* core.h */,
				A8ACEE731BFCAA310086A6DF /* unchecked.h */,
			);
			path = utf8;
			sourceTree = "<group>";
		};
		A8ACEE751BFCAA310086A6DF /* src */ = {
			isa = PBXGroup;
			children = (
				A8ACEE761BFCAA310086A6DF /* utf8_v2_3_1 */,
			);
			path = src;
			sourceTree = "<group>";
		};
		A8ACEE761BFCAA310086A6DF /* utf8_v2_3_1 */ = {
			isa = PBXGroup;
			children = (
				A8ACEE7A1BFCAA310086A6DF /* source */,
			);
			path = utf8_v2_3_1;
			sourceTree = "<group>";
		};
		A8ACEE7A1BFCAA310086A6DF /* source */ = {
			isa = PBXGroup;
			children = (
				A8ACEE7B1BFCAA310086A6DF /* utf8 */,
				A8ACEE7F1BFCAA310086A6DF /* utf8.h */,
			);
			path = source;
			sourceTree = "<group>";
		};
		A8ACEE7B1BFCAA310086A6DF /* utf8 */ = {
			isa = PBXGroup;
			children = (
				A8ACEE7C1BFCAA310086A6DF /* checked.h */,
				A8ACEE7D1BFCAA310086A6DF /* core.h */,
				A8ACEE7E1BFCAA310086A6DF /* unchecked.h */,
			);
			path = utf8;
			sourceTree = "<group>";
		};
		A8ACEE801BFCAA310086A6DF /* src */ = {
			isa = PBXGroup;
			children = (
				A8ACEE811BFCAA310086A6DF /* ofTextConverter.cpp */,
				A8ACEE821BFCAA310086A6DF /* ofTextConverter.h */,
				A8ACEE831BFCAA310086A6DF /* ofUnicode.cpp */,
				A8ACEE841BFCAA310086A6DF /* ofUnicode.h */,
				A8ACEE851BFCAA310086A6DF /* ofUTF8.cpp */,
				A8ACEE861BFCAA310086A6DF /* ofUTF8.h */,
			);
			path = src;
			sourceTree = "<group>";
		};
		A8D262A21BC806EC006750C1 /* src */ = {
			isa = PBXGroup;
			children = (
				A8D262A01BC806EC006750C1 /* ofxFirstPersonCamera.cpp */,
				A8D262A11BC806EC006750C1 /* ofxFirstPersonCamera.h */,
			);
			name = src;
			sourceTree = "<group>";
		};
		A8D262A31BC806EC006750C1 /* ofxFirstPersonCamera */ = {
			isa = PBXGroup;
			children = (
				A8D262A21BC806EC006750C1 /* src */,
			);
			name = ofxFirstPersonCamera;
			path = ../FlyCam;
			sourceTree = "<group>";
		};
		A8D262A61BC806EC006750C1 /* src */ = {
			isa = PBXGroup;
			children = (
				A8D262A41BC806EC006750C1 /* ofxImmediateModeInput.cpp */,
				A8D262A51BC806EC006750C1 /* ofxImmediateModeInput.h */,
			);
			name = src;
			sourceTree = "<group>";
		};
		A8D262A71BC806EC006750C1 /* ofxImmediateModeInput */ = {
			isa = PBXGroup;
			children = (
				A8D262A61BC806EC006750C1 /* src */,
			);
			name = ofxImmediateModeInput;
			path = ../FlyCam;
			sourceTree = "<group>";
		};
		BB4B014C10F69532006C3DED /* addons */ = {
			isa = PBXGroup;
			children = (
				A8ACEE481BFCAA300086A6DF /* ofxFontStash */,
				A8ACEE6B1BFCAA310086A6DF /* ofxUnicode */,
				A8D262A31BC806EC006750C1 /* ofxFirstPersonCamera */,
				A8D262A71BC806EC006750C1 /* ofxImmediateModeInput */,
				A85DD6031BC67198008D89EB /* ofxCsv */,
				A85DD6161BC67198008D89EB /* ofxGui */,
				2865DAEF86B1907A704CA70B /* ofxJSON */,
			);
			name = addons;
			sourceTree = "<group>";
		};
		CCDC6F9CCF925CC402160B85 /* src */ = {
			isa = PBXGroup;
			children = (
				684C4A6525DAC1BF8D7DFEEF /* jsoncpp.cpp */,
			);
			name = src;
			sourceTree = "<group>";
		};
		D486FC87F063317BB47E9FAC /* include */ = {
			isa = PBXGroup;
			children = (
				58AD3BD71B781D9BC25763C8 /* json */,
			);
			name = include;
			sourceTree = "<group>";
		};
		E4328144138ABC890047C5CB /* Products */ = {
			isa = PBXGroup;
			children = (
				E4328148138ABC890047C5CB /* openFrameworksDebug.a */,
			);
			name = Products;
			sourceTree = "<group>";
		};
		E4B69B4A0A3A1720003C02F2 = {
			isa = PBXGroup;
			children = (
				E4B6FCAD0C3E899E008CF71C /* openFrameworks-Info.plist */,
				E4EB6923138AFD0F00A09F29 /* Project.xcconfig */,
				E4B69E1C0A3A1BDC003C02F2 /* src */,
				E4EEC9E9138DF44700A80321 /* openFrameworks */,
				BB4B014C10F69532006C3DED /* addons */,
				6948EE371B920CB800B5AC1A /* local_addons */,
				E4B69B5B0A3A1756003C02F2 /* OSMJsonMapFlyingDebug.app */,
			);
			sourceTree = "<group>";
		};
		E4B69E1C0A3A1BDC003C02F2 /* src */ = {
			isa = PBXGroup;
			children = (
				E4B69E1D0A3A1BDC003C02F2 /* main.cpp */,
				E4B69E1E0A3A1BDC003C02F2 /* ofApp.cpp */,
				E4B69E1F0A3A1BDC003C02F2 /* ofApp.h */,
				A8EB87601BC673E2004650B8 /* BaseArch.h */,
				A8EB87611BC673E2004650B8 /* BaseArch.cpp */,
				A85DD5FC1BC6718D008D89EB /* GuiApp.cpp */,
				A85DD5FD1BC6718D008D89EB /* GuiApp.h */,
				237729339D5EF17DBD3754C6 /* FeatureCollectionNode.cpp */,
				A94853AB33FE91A7200C1349 /* FeatureCollectionNode.h */,
				F386EF4AEFB25D1DFAE032B6 /* FeatureLeafNode.cpp */,
				55DC968FAFA3B99AA9E1D758 /* FeatureLeafNode.h */,
				DF47B7485B5CD5D2E2B93E7D /* FeatureNode.cpp */,
				A4ED34B32682515AE752ECDB /* FeatureNode.h */,
				0056DDC2FB9237571507BB0E /* JsonLoader.cpp */,
				3FC89B5D651474EC6F01F201 /* JsonLoader.h */,
			);
			path = src;
			sourceTree = SOURCE_ROOT;
		};
		E4EEC9E9138DF44700A80321 /* openFrameworks */ = {
			isa = PBXGroup;
			children = (
				E4EB691F138AFCF100A09F29 /* CoreOF.xcconfig */,
				E4328143138ABC890047C5CB /* openFrameworksLib.xcodeproj */,
			);
			name = openFrameworks;
			sourceTree = "<group>";
		};
		F40E80CB2D443CBA9581DD03 /* libs */ = {
			isa = PBXGroup;
			children = (
				977A836DD2C489CCC5E330FF /* jsoncpp */,
			);
			name = libs;
			sourceTree = "<group>";
		};
/* End PBXGroup section */

/* Begin PBXNativeTarget section */
		E4B69B5A0A3A1756003C02F2 /* OSMJsonMapFlying */ = {
			isa = PBXNativeTarget;
			buildConfigurationList = E4B69B5F0A3A1757003C02F2 /* Build configuration list for PBXNativeTarget "OSMJsonMapFlying" */;
			buildPhases = (
				E4B69B580A3A1756003C02F2 /* Sources */,
				E4B69B590A3A1756003C02F2 /* Frameworks */,
				E4B6FFFD0C3F9AB9008CF71C /* ShellScript */,
				E4C2427710CC5ABF004149E2 /* CopyFiles */,
			);
			buildRules = (
			);
			dependencies = (
				E4EEB9AC138B136A00A80321 /* PBXTargetDependency */,
			);
			name = OSMJsonMapFlying;
			productName = myOFApp;
			productReference = E4B69B5B0A3A1756003C02F2 /* OSMJsonMapFlyingDebug.app */;
			productType = "com.apple.product-type.application";
		};
/* End PBXNativeTarget section */

/* Begin PBXProject section */
		E4B69B4C0A3A1720003C02F2 /* Project object */ = {
			isa = PBXProject;
			attributes = {
				LastUpgradeCheck = 0600;
			};
			buildConfigurationList = E4B69B4D0A3A1720003C02F2 /* Build configuration list for PBXProject "OSMJsonMapFlying" */;
			compatibilityVersion = "Xcode 3.2";
			developmentRegion = English;
			hasScannedForEncodings = 0;
			knownRegions = (
				English,
				Japanese,
				French,
				German,
			);
			mainGroup = E4B69B4A0A3A1720003C02F2;
			productRefGroup = E4B69B4A0A3A1720003C02F2;
			projectDirPath = "";
			projectReferences = (
				{
					ProductGroup = E4328144138ABC890047C5CB /* Products */;
					ProjectRef = E4328143138ABC890047C5CB /* openFrameworksLib.xcodeproj */;
				},
			);
			projectRoot = "";
			targets = (
				E4B69B5A0A3A1756003C02F2 /* OSMJsonMapFlying */,
			);
		};
/* End PBXProject section */

/* Begin PBXReferenceProxy section */
		E4328148138ABC890047C5CB /* openFrameworksDebug.a */ = {
			isa = PBXReferenceProxy;
			fileType = archive.ar;
			path = openFrameworksDebug.a;
			remoteRef = E4328147138ABC890047C5CB /* PBXContainerItemProxy */;
			sourceTree = BUILT_PRODUCTS_DIR;
		};
/* End PBXReferenceProxy section */

/* Begin PBXShellScriptBuildPhase section */
		E4B6FFFD0C3F9AB9008CF71C /* ShellScript */ = {
			isa = PBXShellScriptBuildPhase;
			buildActionMask = 2147483647;
			files = (
			);
			inputPaths = (
			);
			outputPaths = (
			);
			runOnlyForDeploymentPostprocessing = 0;
			shellPath = /bin/sh;
			shellScript = "rsync -aved ../../../../openFrameworks/libs/fmodex/lib/osx/libfmodex.dylib \"$TARGET_BUILD_DIR/$PRODUCT_NAME.app/Contents/MacOS/\"; install_name_tool -change ./libfmodex.dylib @executable_path/libfmodex.dylib \"$TARGET_BUILD_DIR/$PRODUCT_NAME.app/Contents/MacOS/$PRODUCT_NAME\";\nmkdir -p \"$TARGET_BUILD_DIR/$PRODUCT_NAME.app/Contents/Resources/\"\nrsync -aved \"$ICON_FILE\" \"$TARGET_BUILD_DIR/$PRODUCT_NAME.app/Contents/Resources/\"\nrsync -aved ../../../../openFrameworks/libs/glut/lib/osx/GLUT.framework \"$TARGET_BUILD_DIR/$PRODUCT_NAME.app/Contents/Frameworks/\"\n";
		};
/* End PBXShellScriptBuildPhase section */

/* Begin PBXSourcesBuildPhase section */
		E4B69B580A3A1756003C02F2 /* Sources */ = {
			isa = PBXSourcesBuildPhase;
			buildActionMask = 2147483647;
			files = (
				A8EB87621BC673E2004650B8 /* BaseArch.cpp in Sources */,
				E4B69E200A3A1BDC003C02F2 /* main.cpp in Sources */,
				A8ACEE8E1BFCAA310086A6DF /* ofTextConverter.cpp in Sources */,
				E4B69E210A3A1BDC003C02F2 /* ofApp.cpp in Sources */,
				A8ACEE8A1BFCAA310086A6DF /* fontstash.c in Sources */,
				A85DD61A1BC67198008D89EB /* ofxGuiGroup.cpp in Sources */,
				5C9CA4BFC796A8E17D387BAE /* FeatureCollectionNode.cpp in Sources */,
				A85DD6181BC67198008D89EB /* ofxBaseGui.cpp in Sources */,
				90EFE1B897A797B81ED960B9 /* FeatureLeafNode.cpp in Sources */,
				A8D262A91BC806EC006750C1 /* ofxImmediateModeInput.cpp in Sources */,
				A85DD61F1BC67198008D89EB /* ofxToggle.cpp in Sources */,
				A85DD6171BC67198008D89EB /* ofxCsv.cpp in Sources */,
				63E4B28AF5F75CA2F87A0758 /* FeatureNode.cpp in Sources */,
				A8D262A81BC806EC006750C1 /* ofxFirstPersonCamera.cpp in Sources */,
				8F8887A353D20A912E989043 /* JsonLoader.cpp in Sources */,
				A85DD61C1BC67198008D89EB /* ofxPanel.cpp in Sources */,
				A8ACEE8D1BFCAA310086A6DF /* ofxFontStash.cpp in Sources */,
				9455F3F777137963C1194F60 /* ofxJSONElement.cpp in Sources */,
				5CCFB2A36396A0511400C909 /* jsoncpp.cpp in Sources */,
				A85DD61D1BC67198008D89EB /* ofxSlider.cpp in Sources */,
				A85DD61B1BC67198008D89EB /* ofxLabel.cpp in Sources */,
				A85DD5FF1BC6718D008D89EB /* GuiApp.cpp in Sources */,
				A85DD61E1BC67198008D89EB /* ofxSliderGroup.cpp in Sources */,
				A85DD6191BC67198008D89EB /* ofxButton.cpp in Sources */,
				A8ACEE8F1BFCAA310086A6DF /* ofUnicode.cpp in Sources */,
				A8ACEE901BFCAA310086A6DF /* ofUTF8.cpp in Sources */,
				A8ACEE8B1BFCAA310086A6DF /* stb_truetype.c in Sources */,
			);
			runOnlyForDeploymentPostprocessing = 0;
		};
/* End PBXSourcesBuildPhase section */

/* Begin PBXTargetDependency section */
		E4EEB9AC138B136A00A80321 /* PBXTargetDependency */ = {
			isa = PBXTargetDependency;
			name = openFrameworks;
			targetProxy = E4EEB9AB138B136A00A80321 /* PBXContainerItemProxy */;
		};
/* End PBXTargetDependency section */

/* Begin XCBuildConfiguration section */
		E4B69B4E0A3A1720003C02F2 /* Debug */ = {
			isa = XCBuildConfiguration;
			baseConfigurationReference = E4EB6923138AFD0F00A09F29 /* Project.xcconfig */;
			buildSettings = {
				CONFIGURATION_BUILD_DIR = "$(SRCROOT)/bin/";
				COPY_PHASE_STRIP = NO;
				DEAD_CODE_STRIPPING = YES;
				GCC_AUTO_VECTORIZATION = YES;
				GCC_ENABLE_SSE3_EXTENSIONS = YES;
				GCC_ENABLE_SUPPLEMENTAL_SSE3_INSTRUCTIONS = YES;
				GCC_INLINES_ARE_PRIVATE_EXTERN = NO;
				GCC_OPTIMIZATION_LEVEL = 0;
				GCC_SYMBOLS_PRIVATE_EXTERN = NO;
				GCC_WARN_ABOUT_DEPRECATED_FUNCTIONS = YES;
				GCC_WARN_ABOUT_INVALID_OFFSETOF_MACRO = NO;
				GCC_WARN_ALLOW_INCOMPLETE_PROTOCOL = NO;
				GCC_WARN_UNINITIALIZED_AUTOS = NO;
				GCC_WARN_UNUSED_VALUE = NO;
				GCC_WARN_UNUSED_VARIABLE = NO;
				HEADER_SEARCH_PATHS = (
					"$(OF_CORE_HEADERS)",
					src,
					../../../../openFrameworks/addons/ofxJSON/libs,
					../../../../openFrameworks/addons/ofxJSON/libs/jsoncpp,
					../../../../openFrameworks/addons/ofxJSON/libs/jsoncpp/include,
					../../../../openFrameworks/addons/ofxJSON/libs/jsoncpp/include/json,
					../../../../openFrameworks/addons/ofxJSON/libs/jsoncpp/src,
					../../../../openFrameworks/addons/ofxJSON/src,
				);
				MACOSX_DEPLOYMENT_TARGET = 10.8;
				ONLY_ACTIVE_ARCH = YES;
				OTHER_CPLUSPLUSFLAGS = (
					"-D__MACOSX_CORE__",
					"-mtune=native",
				);
				SDKROOT = macosx;
			};
			name = Debug;
		};
		E4B69B4F0A3A1720003C02F2 /* Release */ = {
			isa = XCBuildConfiguration;
			baseConfigurationReference = E4EB6923138AFD0F00A09F29 /* Project.xcconfig */;
			buildSettings = {
				CONFIGURATION_BUILD_DIR = "$(SRCROOT)/bin/";
				COPY_PHASE_STRIP = YES;
				DEAD_CODE_STRIPPING = YES;
				GCC_AUTO_VECTORIZATION = YES;
				GCC_ENABLE_SSE3_EXTENSIONS = YES;
				GCC_ENABLE_SUPPLEMENTAL_SSE3_INSTRUCTIONS = YES;
				GCC_INLINES_ARE_PRIVATE_EXTERN = NO;
				GCC_OPTIMIZATION_LEVEL = 3;
				GCC_SYMBOLS_PRIVATE_EXTERN = NO;
				GCC_UNROLL_LOOPS = YES;
				GCC_WARN_ABOUT_DEPRECATED_FUNCTIONS = YES;
				GCC_WARN_ABOUT_INVALID_OFFSETOF_MACRO = NO;
				GCC_WARN_ALLOW_INCOMPLETE_PROTOCOL = NO;
				GCC_WARN_UNINITIALIZED_AUTOS = NO;
				GCC_WARN_UNUSED_VALUE = NO;
				GCC_WARN_UNUSED_VARIABLE = NO;
				HEADER_SEARCH_PATHS = (
					"$(OF_CORE_HEADERS)",
					src,
					../../../../openFrameworks/addons/ofxJSON/libs,
					../../../../openFrameworks/addons/ofxJSON/libs/jsoncpp,
					../../../../openFrameworks/addons/ofxJSON/libs/jsoncpp/include,
					../../../../openFrameworks/addons/ofxJSON/libs/jsoncpp/include/json,
					../../../../openFrameworks/addons/ofxJSON/libs/jsoncpp/src,
					../../../../openFrameworks/addons/ofxJSON/src,
				);
				MACOSX_DEPLOYMENT_TARGET = 10.8;
				OTHER_CPLUSPLUSFLAGS = (
					"-D__MACOSX_CORE__",
					"-mtune=native",
				);
				SDKROOT = macosx;
			};
			name = Release;
		};
		E4B69B600A3A1757003C02F2 /* Debug */ = {
			isa = XCBuildConfiguration;
			baseConfigurationReference = E4EB6923138AFD0F00A09F29 /* Project.xcconfig */;
			buildSettings = {
				COMBINE_HIDPI_IMAGES = YES;
				COPY_PHASE_STRIP = NO;
				FRAMEWORK_SEARCH_PATHS = (
					"$(inherited)",
					"$(FRAMEWORK_SEARCH_PATHS_QUOTED_FOR_TARGET_1)",
				);
				FRAMEWORK_SEARCH_PATHS_QUOTED_FOR_TARGET_1 = "\"$(SRCROOT)/../../../../openFrameworks/libs/glut/lib/osx\"";
				GCC_DYNAMIC_NO_PIC = NO;
				GCC_GENERATE_DEBUGGING_SYMBOLS = YES;
				GCC_MODEL_TUNING = NONE;
				HEADER_SEARCH_PATHS = (
					"$(OF_CORE_HEADERS)",
					src,
					../../../../openFrameworks/addons/ofxJSON/libs,
					../../../../openFrameworks/addons/ofxJSON/libs/jsoncpp,
					../../../../openFrameworks/addons/ofxJSON/libs/jsoncpp/include,
					../../../../openFrameworks/addons/ofxJSON/libs/jsoncpp/include/json,
					../../../../openFrameworks/addons/ofxJSON/libs/jsoncpp/src,
					../../../../openFrameworks/addons/ofxJSON/src,
				);
				ICON = "$(ICON_NAME_DEBUG)";
				ICON_FILE = "$(ICON_FILE_PATH)$(ICON)";
				INFOPLIST_FILE = "openFrameworks-Info.plist";
				INSTALL_PATH = "$(HOME)/Applications";
				LIBRARY_SEARCH_PATHS = "$(inherited)";
				PRODUCT_NAME = OSMJsonMapFlyingDebug;
				WRAPPER_EXTENSION = app;
			};
			name = Debug;
		};
		E4B69B610A3A1757003C02F2 /* Release */ = {
			isa = XCBuildConfiguration;
			baseConfigurationReference = E4EB6923138AFD0F00A09F29 /* Project.xcconfig */;
			buildSettings = {
				COMBINE_HIDPI_IMAGES = YES;
				COPY_PHASE_STRIP = YES;
				FRAMEWORK_SEARCH_PATHS = (
					"$(inherited)",
					"$(FRAMEWORK_SEARCH_PATHS_QUOTED_FOR_TARGET_1)",
				);
				FRAMEWORK_SEARCH_PATHS_QUOTED_FOR_TARGET_1 = "\"$(SRCROOT)/../../../../openFrameworks/libs/glut/lib/osx\"";
				GCC_GENERATE_DEBUGGING_SYMBOLS = YES;
				GCC_MODEL_TUNING = NONE;
				HEADER_SEARCH_PATHS = (
					"$(OF_CORE_HEADERS)",
					src,
					../../../../openFrameworks/addons/ofxJSON/libs,
					../../../../openFrameworks/addons/ofxJSON/libs/jsoncpp,
					../../../../openFrameworks/addons/ofxJSON/libs/jsoncpp/include,
					../../../../openFrameworks/addons/ofxJSON/libs/jsoncpp/include/json,
					../../../../openFrameworks/addons/ofxJSON/libs/jsoncpp/src,
					../../../../openFrameworks/addons/ofxJSON/src,
				);
				ICON = "$(ICON_NAME_RELEASE)";
				ICON_FILE = "$(ICON_FILE_PATH)$(ICON)";
				INFOPLIST_FILE = "openFrameworks-Info.plist";
				INSTALL_PATH = "$(HOME)/Applications";
				LIBRARY_SEARCH_PATHS = "$(inherited)";
				PRODUCT_NAME = OSMJsonMapFlyingDebug;
				WRAPPER_EXTENSION = app;
				baseConfigurationReference = E4EB6923138AFD0F00A09F29;
			};
			name = Release;
		};
/* End XCBuildConfiguration section */

/* Begin XCConfigurationList section */
		E4B69B4D0A3A1720003C02F2 /* Build configuration list for PBXProject "OSMJsonMapFlying" */ = {
			isa = XCConfigurationList;
			buildConfigurations = (
				E4B69B4E0A3A1720003C02F2 /* Debug */,
				E4B69B4F0A3A1720003C02F2 /* Release */,
			);
			defaultConfigurationIsVisible = 0;
			defaultConfigurationName = Release;
		};
		E4B69B5F0A3A1757003C02F2 /* Build configuration list for PBXNativeTarget "OSMJsonMapFlying" */ = {
			isa = XCConfigurationList;
			buildConfigurations = (
				E4B69B600A3A1757003C02F2 /* Debug */,
				E4B69B610A3A1757003C02F2 /* Release */,
			);
			defaultConfigurationIsVisible = 0;
			defaultConfigurationName = Release;
		};
/* End XCConfigurationList section */
	};
	rootObject = E4B69B4C0A3A1720003C02F2 /* Project object */;
}
